// !$*UTF8*$!
{
	archiveVersion = 1;
	classes = {
	};
	objectVersion = 46;
	objects = {

/* Begin PBXBuildFile section */
		5D28E85B18AAA03A005DD39B /* Foundation.framework in Frameworks */ = {isa = PBXBuildFile; fileRef = 5D28E85A18AAA03A005DD39B /* Foundation.framework */; };
		5D28E85D18AAA03A005DD39B /* CoreGraphics.framework in Frameworks */ = {isa = PBXBuildFile; fileRef = 5D28E85C18AAA03A005DD39B /* CoreGraphics.framework */; };
		5D28E85F18AAA03A005DD39B /* UIKit.framework in Frameworks */ = {isa = PBXBuildFile; fileRef = 5D28E85E18AAA03A005DD39B /* UIKit.framework */; };
		5D28E86518AAA03A005DD39B /* InfoPlist.strings in Resources */ = {isa = PBXBuildFile; fileRef = 5D28E86318AAA03A005DD39B /* InfoPlist.strings */; };
		5D28E86718AAA03A005DD39B /* main.m in Sources */ = {isa = PBXBuildFile; fileRef = 5D28E86618AAA03A005DD39B /* main.m */; };
		5D28E86B18AAA03A005DD39B /* LCAppDelegate.m in Sources */ = {isa = PBXBuildFile; fileRef = 5D28E86A18AAA03A005DD39B /* LCAppDelegate.m */; };
		5D28E86D18AAA03A005DD39B /* Images.xcassets in Resources */ = {isa = PBXBuildFile; fileRef = 5D28E86C18AAA03A005DD39B /* Images.xcassets */; };
		5D28E87418AAA03A005DD39B /* XCTest.framework in Frameworks */ = {isa = PBXBuildFile; fileRef = 5D28E87318AAA03A005DD39B /* XCTest.framework */; };
		5D28E87518AAA03A005DD39B /* Foundation.framework in Frameworks */ = {isa = PBXBuildFile; fileRef = 5D28E85A18AAA03A005DD39B /* Foundation.framework */; };
		5D28E87618AAA03A005DD39B /* UIKit.framework in Frameworks */ = {isa = PBXBuildFile; fileRef = 5D28E85E18AAA03A005DD39B /* UIKit.framework */; };
		5D28E87E18AAA03A005DD39B /* InfoPlist.strings in Resources */ = {isa = PBXBuildFile; fileRef = 5D28E87C18AAA03A005DD39B /* InfoPlist.strings */; };
		5D28E88018AAA03A005DD39B /* livecoinsTests.m in Sources */ = {isa = PBXBuildFile; fileRef = 5D28E87F18AAA03A005DD39B /* livecoinsTests.m */; };
		5D28E88B18AAA42B005DD39B /* LCHUDViewController.m in Sources */ = {isa = PBXBuildFile; fileRef = 5D28E88A18AAA42B005DD39B /* LCHUDViewController.m */; };
		5D28E88E18AABCFC005DD39B /* Base64.m in Sources */ = {isa = PBXBuildFile; fileRef = 5D28E88D18AABCFC005DD39B /* Base64.m */; };
		5D28E89318AABD0C005DD39B /* SVProgressHUD.bundle in Resources */ = {isa = PBXBuildFile; fileRef = 5D28E89018AABD0C005DD39B /* SVProgressHUD.bundle */; };
		5D28E89418AABD0C005DD39B /* SVProgressHUD.m in Sources */ = {isa = PBXBuildFile; fileRef = 5D28E89218AABD0C005DD39B /* SVProgressHUD.m */; };
		5DB9B9D618ABEF14003859F2 /* UIColor+MoreColors.m in Sources */ = {isa = PBXBuildFile; fileRef = 5DB9B9D518ABEF14003859F2 /* UIColor+MoreColors.m */; };
/* End PBXBuildFile section */

/* Begin PBXContainerItemProxy section */
		5D28E87718AAA03A005DD39B /* PBXContainerItemProxy */ = {
			isa = PBXContainerItemProxy;
			containerPortal = 5D28E84F18AAA03A005DD39B /* Project object */;
			proxyType = 1;
			remoteGlobalIDString = 5D28E85618AAA03A005DD39B;
			remoteInfo = livecoins;
		};
/* End PBXContainerItemProxy section */

/* Begin PBXFileReference section */
		5D28E85718AAA03A005DD39B /* livecoins.app */ = {isa = PBXFileReference; explicitFileType = wrapper.application; includeInIndex = 0; path = livecoins.app; sourceTree = BUILT_PRODUCTS_DIR; };
		5D28E85A18AAA03A005DD39B /* Foundation.framework */ = {isa = PBXFileReference; lastKnownFileType = wrapper.framework; name = Foundation.framework; path = System/Library/Frameworks/Foundation.framework; sourceTree = SDKROOT; };
		5D28E85C18AAA03A005DD39B /* CoreGraphics.framework */ = {isa = PBXFileReference; lastKnownFileType = wrapper.framework; name = CoreGraphics.framework; path = System/Library/Frameworks/CoreGraphics.framework; sourceTree = SDKROOT; };
		5D28E85E18AAA03A005DD39B /* UIKit.framework */ = {isa = PBXFileReference; lastKnownFileType = wrapper.framework; name = UIKit.framework; path = System/Library/Frameworks/UIKit.framework; sourceTree = SDKROOT; };
		5D28E86218AAA03A005DD39B /* livecoins-Info.plist */ = {isa = PBXFileReference; lastKnownFileType = text.plist.xml; path = "livecoins-Info.plist"; sourceTree = "<group>"; };
		5D28E86418AAA03A005DD39B /* en */ = {isa = PBXFileReference; lastKnownFileType = text.plist.strings; name = en; path = en.lproj/InfoPlist.strings; sourceTree = "<group>"; };
		5D28E86618AAA03A005DD39B /* main.m */ = {isa = PBXFileReference; lastKnownFileType = sourcecode.c.objc; path = main.m; sourceTree = "<group>"; };
		5D28E86818AAA03A005DD39B /* livecoins-Prefix.pch */ = {isa = PBXFileReference; lastKnownFileType = sourcecode.c.h; path = "livecoins-Prefix.pch"; sourceTree = "<group>"; };
		5D28E86918AAA03A005DD39B /* LCAppDelegate.h */ = {isa = PBXFileReference; lastKnownFileType = sourcecode.c.h; path = LCAppDelegate.h; sourceTree = "<group>"; };
		5D28E86A18AAA03A005DD39B /* LCAppDelegate.m */ = {isa = PBXFileReference; lastKnownFileType = sourcecode.c.objc; path = LCAppDelegate.m; sourceTree = "<group>"; };
		5D28E86C18AAA03A005DD39B /* Images.xcassets */ = {isa = PBXFileReference; lastKnownFileType = folder.assetcatalog; path = Images.xcassets; sourceTree = "<group>"; };
		5D28E87218AAA03A005DD39B /* livecoinsTests.xctest */ = {isa = PBXFileReference; explicitFileType = wrapper.cfbundle; includeInIndex = 0; path = livecoinsTests.xctest; sourceTree = BUILT_PRODUCTS_DIR; };
		5D28E87318AAA03A005DD39B /* XCTest.framework */ = {isa = PBXFileReference; lastKnownFileType = wrapper.framework; name = XCTest.framework; path = Library/Frameworks/XCTest.framework; sourceTree = DEVELOPER_DIR; };
		5D28E87B18AAA03A005DD39B /* livecoinsTests-Info.plist */ = {isa = PBXFileReference; lastKnownFileType = text.plist.xml; path = "livecoinsTests-Info.plist"; sourceTree = "<group>"; };
		5D28E87D18AAA03A005DD39B /* en */ = {isa = PBXFileReference; lastKnownFileType = text.plist.strings; name = en; path = en.lproj/InfoPlist.strings; sourceTree = "<group>"; };
		5D28E87F18AAA03A005DD39B /* livecoinsTests.m */ = {isa = PBXFileReference; lastKnownFileType = sourcecode.c.objc; path = livecoinsTests.m; sourceTree = "<group>"; };
		5D28E88918AAA42B005DD39B /* LCHUDViewController.h */ = {isa = PBXFileReference; fileEncoding = 4; lastKnownFileType = sourcecode.c.h; path = LCHUDViewController.h; sourceTree = "<group>"; };
		5D28E88A18AAA42B005DD39B /* LCHUDViewController.m */ = {isa = PBXFileReference; fileEncoding = 4; lastKnownFileType = sourcecode.c.objc; path = LCHUDViewController.m; sourceTree = "<group>"; };
		5D28E88C18AABCFC005DD39B /* Base64.h */ = {isa = PBXFileReference; fileEncoding = 4; lastKnownFileType = sourcecode.c.h; path = Base64.h; sourceTree = "<group>"; };
		5D28E88D18AABCFC005DD39B /* Base64.m */ = {isa = PBXFileReference; fileEncoding = 4; lastKnownFileType = sourcecode.c.objc; path = Base64.m; sourceTree = "<group>"; };
		5D28E88F18AABD0C005DD39B /* SVProgressHUD-Prefix.pch */ = {isa = PBXFileReference; fileEncoding = 4; lastKnownFileType = sourcecode.c.h; path = "SVProgressHUD-Prefix.pch"; sourceTree = "<group>"; };
		5D28E89018AABD0C005DD39B /* SVProgressHUD.bundle */ = {isa = PBXFileReference; lastKnownFileType = "wrapper.plug-in"; path = SVProgressHUD.bundle; sourceTree = "<group>"; };
		5D28E89118AABD0C005DD39B /* SVProgressHUD.h */ = {isa = PBXFileReference; fileEncoding = 4; lastKnownFileType = sourcecode.c.h; path = SVProgressHUD.h; sourceTree = "<group>"; };
		5D28E89218AABD0C005DD39B /* SVProgressHUD.m */ = {isa = PBXFileReference; fileEncoding = 4; lastKnownFileType = sourcecode.c.objc; path = SVProgressHUD.m; sourceTree = "<group>"; };
		5DB9B9D418ABEF0F003859F2 /* UIColor+MoreColors.h */ = {isa = PBXFileReference; fileEncoding = 4; lastKnownFileType = sourcecode.c.h; path = "UIColor+MoreColors.h"; sourceTree = "<group>"; };
		5DB9B9D518ABEF14003859F2 /* UIColor+MoreColors.m */ = {isa = PBXFileReference; fileEncoding = 4; lastKnownFileType = sourcecode.c.objc; path = "UIColor+MoreColors.m"; sourceTree = "<group>"; };
/* End PBXFileReference section */

/* Begin PBXFrameworksBuildPhase section */
		5D28E85418AAA03A005DD39B /* Frameworks */ = {
			isa = PBXFrameworksBuildPhase;
			buildActionMask = 2147483647;
			files = (
				5D28E85D18AAA03A005DD39B /* CoreGraphics.framework in Frameworks */,
				5D28E85F18AAA03A005DD39B /* UIKit.framework in Frameworks */,
				5D28E85B18AAA03A005DD39B /* Foundation.framework in Frameworks */,
			);
			runOnlyForDeploymentPostprocessing = 0;
		};
		5D28E86F18AAA03A005DD39B /* Frameworks */ = {
			isa = PBXFrameworksBuildPhase;
			buildActionMask = 2147483647;
			files = (
				5D28E87418AAA03A005DD39B /* XCTest.framework in Frameworks */,
				5D28E87618AAA03A005DD39B /* UIKit.framework in Frameworks */,
				5D28E87518AAA03A005DD39B /* Foundation.framework in Frameworks */,
			);
			runOnlyForDeploymentPostprocessing = 0;
		};
/* End PBXFrameworksBuildPhase section */

/* Begin PBXGroup section */
		5D28E84E18AAA03A005DD39B = {
			isa = PBXGroup;
			children = (
				5D28E86018AAA03A005DD39B /* livecoins */,
				5DB9B9D718ABF0BD003859F2 /* UIColor+MoreColors */,
				5D28E89618AABD1B005DD39B /* SVProgressHUD */,
				5D28E89518AABD15005DD39B /* Base64 */,
				5D28E87918AAA03A005DD39B /* livecoinsTests */,
				5D28E85918AAA03A005DD39B /* Frameworks */,
				5D28E85818AAA03A005DD39B /* Products */,
			);
			sourceTree = "<group>";
		};
		5D28E85818AAA03A005DD39B /* Products */ = {
			isa = PBXGroup;
			children = (
				5D28E85718AAA03A005DD39B /* livecoins.app */,
				5D28E87218AAA03A005DD39B /* livecoinsTests.xctest */,
			);
			name = Products;
			sourceTree = "<group>";
		};
		5D28E85918AAA03A005DD39B /* Frameworks */ = {
			isa = PBXGroup;
			children = (
				5D28E85A18AAA03A005DD39B /* Foundation.framework */,
				5D28E85C18AAA03A005DD39B /* CoreGraphics.framework */,
				5D28E85E18AAA03A005DD39B /* UIKit.framework */,
				5D28E87318AAA03A005DD39B /* XCTest.framework */,
			);
			name = Frameworks;
			sourceTree = "<group>";
		};
		5D28E86018AAA03A005DD39B /* livecoins */ = {
			isa = PBXGroup;
			children = (
				5D28E86918AAA03A005DD39B /* LCAppDelegate.h */,
				5D28E86A18AAA03A005DD39B /* LCAppDelegate.m */,
				5D28E88918AAA42B005DD39B /* LCHUDViewController.h */,
				5D28E88A18AAA42B005DD39B /* LCHUDViewController.m */,
				5D28E86C18AAA03A005DD39B /* Images.xcassets */,
				5D28E86118AAA03A005DD39B /* Supporting Files */,
			);
			path = livecoins;
			sourceTree = "<group>";
		};
		5D28E86118AAA03A005DD39B /* Supporting Files */ = {
			isa = PBXGroup;
			children = (
				5D28E86218AAA03A005DD39B /* livecoins-Info.plist */,
				5D28E86318AAA03A005DD39B /* InfoPlist.strings */,
				5D28E86618AAA03A005DD39B /* main.m */,
				5D28E86818AAA03A005DD39B /* livecoins-Prefix.pch */,
			);
			name = "Supporting Files";
			sourceTree = "<group>";
		};
		5D28E87918AAA03A005DD39B /* livecoinsTests */ = {
			isa = PBXGroup;
			children = (
				5D28E87F18AAA03A005DD39B /* livecoinsTests.m */,
				5D28E87A18AAA03A005DD39B /* Supporting Files */,
			);
			path = livecoinsTests;
			sourceTree = "<group>";
		};
		5D28E87A18AAA03A005DD39B /* Supporting Files */ = {
			isa = PBXGroup;
			children = (
				5D28E87B18AAA03A005DD39B /* livecoinsTests-Info.plist */,
				5D28E87C18AAA03A005DD39B /* InfoPlist.strings */,
			);
			name = "Supporting Files";
			sourceTree = "<group>";
		};
		5D28E89518AABD15005DD39B /* Base64 */ = {
			isa = PBXGroup;
			children = (
				5D28E88C18AABCFC005DD39B /* Base64.h */,
				5D28E88D18AABCFC005DD39B /* Base64.m */,
			);
			name = Base64;
			sourceTree = "<group>";
		};
		5D28E89618AABD1B005DD39B /* SVProgressHUD */ = {
			isa = PBXGroup;
			children = (
				5D28E88F18AABD0C005DD39B /* SVProgressHUD-Prefix.pch */,
				5D28E89018AABD0C005DD39B /* SVProgressHUD.bundle */,
				5D28E89118AABD0C005DD39B /* SVProgressHUD.h */,
				5D28E89218AABD0C005DD39B /* SVProgressHUD.m */,
			);
			name = SVProgressHUD;
			sourceTree = "<group>";
		};
		5DB9B9D718ABF0BD003859F2 /* UIColor+MoreColors */ = {
			isa = PBXGroup;
			children = (
				5DB9B9D418ABEF0F003859F2 /* UIColor+MoreColors.h */,
				5DB9B9D518ABEF14003859F2 /* UIColor+MoreColors.m */,
			);
			name = "UIColor+MoreColors";
			sourceTree = "<group>";
		};
/* End PBXGroup section */

/* Begin PBXNativeTarget section */
		5D28E85618AAA03A005DD39B /* livecoins */ = {
			isa = PBXNativeTarget;
			buildConfigurationList = 5D28E88318AAA03A005DD39B /* Build configuration list for PBXNativeTarget "livecoins" */;
			buildPhases = (
				5D28E85318AAA03A005DD39B /* Sources */,
				5D28E85418AAA03A005DD39B /* Frameworks */,
				5D28E85518AAA03A005DD39B /* Resources */,
			);
			buildRules = (
			);
			dependencies = (
			);
			name = livecoins;
			productName = livecoins;
			productReference = 5D28E85718AAA03A005DD39B /* livecoins.app */;
			productType = "com.apple.product-type.application";
		};
		5D28E87118AAA03A005DD39B /* livecoinsTests */ = {
			isa = PBXNativeTarget;
			buildConfigurationList = 5D28E88618AAA03A005DD39B /* Build configuration list for PBXNativeTarget "livecoinsTests" */;
			buildPhases = (
				5D28E86E18AAA03A005DD39B /* Sources */,
				5D28E86F18AAA03A005DD39B /* Frameworks */,
				5D28E87018AAA03A005DD39B /* Resources */,
			);
			buildRules = (
			);
			dependencies = (
				5D28E87818AAA03A005DD39B /* PBXTargetDependency */,
			);
			name = livecoinsTests;
			productName = livecoinsTests;
			productReference = 5D28E87218AAA03A005DD39B /* livecoinsTests.xctest */;
			productType = "com.apple.product-type.bundle.unit-test";
		};
/* End PBXNativeTarget section */

/* Begin PBXProject section */
		5D28E84F18AAA03A005DD39B /* Project object */ = {
			isa = PBXProject;
			attributes = {
				CLASSPREFIX = LC;
				LastUpgradeCheck = 0500;
				ORGANIZATIONNAME = falcora;
				TargetAttributes = {
					5D28E87118AAA03A005DD39B = {
						TestTargetID = 5D28E85618AAA03A005DD39B;
					};
				};
			};
			buildConfigurationList = 5D28E85218AAA03A005DD39B /* Build configuration list for PBXProject "livecoins" */;
			compatibilityVersion = "Xcode 3.2";
			developmentRegion = English;
			hasScannedForEncodings = 0;
			knownRegions = (
				en,
			);
			mainGroup = 5D28E84E18AAA03A005DD39B;
			productRefGroup = 5D28E85818AAA03A005DD39B /* Products */;
			projectDirPath = "";
			projectRoot = "";
			targets = (
				5D28E85618AAA03A005DD39B /* livecoins */,
				5D28E87118AAA03A005DD39B /* livecoinsTests */,
			);
		};
/* End PBXProject section */

/* Begin PBXResourcesBuildPhase section */
		5D28E85518AAA03A005DD39B /* Resources */ = {
			isa = PBXResourcesBuildPhase;
			buildActionMask = 2147483647;
			files = (
				5D28E86518AAA03A005DD39B /* InfoPlist.strings in Resources */,
				5D28E89318AABD0C005DD39B /* SVProgressHUD.bundle in Resources */,
				5D28E86D18AAA03A005DD39B /* Images.xcassets in Resources */,
			);
			runOnlyForDeploymentPostprocessing = 0;
		};
		5D28E87018AAA03A005DD39B /* Resources */ = {
			isa = PBXResourcesBuildPhase;
			buildActionMask = 2147483647;
			files = (
				5D28E87E18AAA03A005DD39B /* InfoPlist.strings in Resources */,
			);
			runOnlyForDeploymentPostprocessing = 0;
		};
/* End PBXResourcesBuildPhase section */

/* Begin PBXSourcesBuildPhase section */
		5D28E85318AAA03A005DD39B /* Sources */ = {
			isa = PBXSourcesBuildPhase;
			buildActionMask = 2147483647;
			files = (
				5DB9B9D618ABEF14003859F2 /* UIColor+MoreColors.m in Sources */,
				5D28E88E18AABCFC005DD39B /* Base64.m in Sources */,
				5D28E88B18AAA42B005DD39B /* LCHUDViewController.m in Sources */,
				5D28E89418AABD0C005DD39B /* SVProgressHUD.m in Sources */,
				5D28E86718AAA03A005DD39B /* main.m in Sources */,
				5D28E86B18AAA03A005DD39B /* LCAppDelegate.m in Sources */,
			);
			runOnlyForDeploymentPostprocessing = 0;
		};
		5D28E86E18AAA03A005DD39B /* Sources */ = {
			isa = PBXSourcesBuildPhase;
			buildActionMask = 2147483647;
			files = (
				5D28E88018AAA03A005DD39B /* livecoinsTests.m in Sources */,
			);
			runOnlyForDeploymentPostprocessing = 0;
		};
/* End PBXSourcesBuildPhase section */

/* Begin PBXTargetDependency section */
		5D28E87818AAA03A005DD39B /* PBXTargetDependency */ = {
			isa = PBXTargetDependency;
			target = 5D28E85618AAA03A005DD39B /* livecoins */;
			targetProxy = 5D28E87718AAA03A005DD39B /* PBXContainerItemProxy */;
		};
/* End PBXTargetDependency section */

/* Begin PBXVariantGroup section */
		5D28E86318AAA03A005DD39B /* InfoPlist.strings */ = {
			isa = PBXVariantGroup;
			children = (
				5D28E86418AAA03A005DD39B /* en */,
			);
			name = InfoPlist.strings;
			sourceTree = "<group>";
		};
		5D28E87C18AAA03A005DD39B /* InfoPlist.strings */ = {
			isa = PBXVariantGroup;
			children = (
				5D28E87D18AAA03A005DD39B /* en */,
			);
			name = InfoPlist.strings;
			sourceTree = "<group>";
		};
/* End PBXVariantGroup section */

/* Begin XCBuildConfiguration section */
		5D28E88118AAA03A005DD39B /* Debug */ = {
			isa = XCBuildConfiguration;
			buildSettings = {
				ALWAYS_SEARCH_USER_PATHS = NO;
				ARCHS = "$(ARCHS_STANDARD_INCLUDING_64_BIT)";
				CLANG_CXX_LANGUAGE_STANDARD = "gnu++0x";
				CLANG_CXX_LIBRARY = "libc++";
				CLANG_ENABLE_MODULES = YES;
				CLANG_ENABLE_OBJC_ARC = YES;
				CLANG_WARN_BOOL_CONVERSION = YES;
				CLANG_WARN_CONSTANT_CONVERSION = YES;
				CLANG_WARN_DIRECT_OBJC_ISA_USAGE = YES_ERROR;
				CLANG_WARN_EMPTY_BODY = YES;
				CLANG_WARN_ENUM_CONVERSION = YES;
				CLANG_WARN_INT_CONVERSION = YES;
				CLANG_WARN_OBJC_ROOT_CLASS = YES_ERROR;
				CLANG_WARN__DUPLICATE_METHOD_MATCH = YES;
				"CODE_SIGN_IDENTITY[sdk=iphoneos*]" = "iPhone Developer";
				COPY_PHASE_STRIP = NO;
				GCC_C_LANGUAGE_STANDARD = gnu99;
				GCC_DYNAMIC_NO_PIC = NO;
				GCC_OPTIMIZATION_LEVEL = 0;
				GCC_PREPROCESSOR_DEFINITIONS = (
					"DEBUG=1",
					"$(inherited)",
				);
				GCC_SYMBOLS_PRIVATE_EXTERN = NO;
				GCC_WARN_64_TO_32_BIT_CONVERSION = YES;
				GCC_WARN_ABOUT_RETURN_TYPE = YES_ERROR;
				GCC_WARN_UNDECLARED_SELECTOR = YES;
				GCC_WARN_UNINITIALIZED_AUTOS = YES;
				GCC_WARN_UNUSED_FUNCTION = YES;
				GCC_WARN_UNUSED_VARIABLE = YES;
				IPHONEOS_DEPLOYMENT_TARGET = 7.0;
				ONLY_ACTIVE_ARCH = YES;
				SDKROOT = iphoneos;
				TARGETED_DEVICE_FAMILY = "1,2";
			};
			name = Debug;
		};
		5D28E88218AAA03A005DD39B /* Release */ = {
			isa = XCBuildConfiguration;
			buildSettings = {
				ALWAYS_SEARCH_USER_PATHS = NO;
				ARCHS = "$(ARCHS_STANDARD_INCLUDING_64_BIT)";
				CLANG_CXX_LANGUAGE_STANDARD = "gnu++0x";
				CLANG_CXX_LIBRARY = "libc++";
				CLANG_ENABLE_MODULES = YES;
				CLANG_ENABLE_OBJC_ARC = YES;
				CLANG_WARN_BOOL_CONVERSION = YES;
				CLANG_WARN_CONSTANT_CONVERSION = YES;
				CLANG_WARN_DIRECT_OBJC_ISA_USAGE = YES_ERROR;
				CLANG_WARN_EMPTY_BODY = YES;
				CLANG_WARN_ENUM_CONVERSION = YES;
				CLANG_WARN_INT_CONVERSION = YES;
				CLANG_WARN_OBJC_ROOT_CLASS = YES_ERROR;
				CLANG_WARN__DUPLICATE_METHOD_MATCH = YES;
				"CODE_SIGN_IDENTITY[sdk=iphoneos*]" = "iPhone Developer";
				COPY_PHASE_STRIP = YES;
				ENABLE_NS_ASSERTIONS = NO;
				GCC_C_LANGUAGE_STANDARD = gnu99;
				GCC_WARN_64_TO_32_BIT_CONVERSION = YES;
				GCC_WARN_ABOUT_RETURN_TYPE = YES_ERROR;
				GCC_WARN_UNDECLARED_SELECTOR = YES;
				GCC_WARN_UNINITIALIZED_AUTOS = YES;
				GCC_WARN_UNUSED_FUNCTION = YES;
				GCC_WARN_UNUSED_VARIABLE = YES;
				IPHONEOS_DEPLOYMENT_TARGET = 7.0;
				SDKROOT = iphoneos;
				TARGETED_DEVICE_FAMILY = "1,2";
				VALIDATE_PRODUCT = YES;
			};
			name = Release;
		};
		5D28E88418AAA03A005DD39B /* Debug */ = {
			isa = XCBuildConfiguration;
			buildSettings = {
				ASSETCATALOG_COMPILER_APPICON_NAME = AppIcon;
				ASSETCATALOG_COMPILER_LAUNCHIMAGE_NAME = LaunchImage;
				GCC_PRECOMPILE_PREFIX_HEADER = YES;
				GCC_PREFIX_HEADER = "livecoins/livecoins-Prefix.pch";
				INFOPLIST_FILE = "livecoins/livecoins-Info.plist";
				PRODUCT_NAME = "$(TARGET_NAME)";
				WRAPPER_EXTENSION = app;
			};
			name = Debug;
		};
		5D28E88518AAA03A005DD39B /* Release */ = {
			isa = XCBuildConfiguration;
			buildSettings = {
				ASSETCATALOG_COMPILER_APPICON_NAME = AppIcon;
				ASSETCATALOG_COMPILER_LAUNCHIMAGE_NAME = LaunchImage;
				GCC_PRECOMPILE_PREFIX_HEADER = YES;
				GCC_PREFIX_HEADER = "livecoins/livecoins-Prefix.pch";
				INFOPLIST_FILE = "livecoins/livecoins-Info.plist";
				PRODUCT_NAME = "$(TARGET_NAME)";
				WRAPPER_EXTENSION = app;
			};
			name = Release;
		};
		5D28E88718AAA03A005DD39B /* Debug */ = {
			isa = XCBuildConfiguration;
			buildSettings = {
				ARCHS = "$(ARCHS_STANDARD_INCLUDING_64_BIT)";
				BUNDLE_LOADER = "$(BUILT_PRODUCTS_DIR)/livecoins.app/livecoins";
				FRAMEWORK_SEARCH_PATHS = (
					"$(SDKROOT)/Developer/Library/Frameworks",
					"$(inherited)",
					"$(DEVELOPER_FRAMEWORKS_DIR)",
				);
				GCC_PRECOMPILE_PREFIX_HEADER = YES;
				GCC_PREFIX_HEADER = "livecoins/livecoins-Prefix.pch";
				GCC_PREPROCESSOR_DEFINITIONS = (
					"DEBUG=1",
					"$(inherited)",
				);
				INFOPLIST_FILE = "livecoinsTests/livecoinsTests-Info.plist";
				PRODUCT_NAME = "$(TARGET_NAME)";
				TEST_HOST = "$(BUNDLE_LOADER)";
				WRAPPER_EXTENSION = xctest;
			};
			name = Debug;
		};
		5D28E88818AAA03A005DD39B /* Release */ = {
			isa = XCBuildConfiguration;
			buildSettings = {
				ARCHS = "$(ARCHS_STANDARD_INCLUDING_64_BIT)";
				BUNDLE_LOADER = "$(BUILT_PRODUCTS_DIR)/livecoins.app/livecoins";
				FRAMEWORK_SEARCH_PATHS = (
					"$(SDKROOT)/Developer/Library/Frameworks",
					"$(inherited)",
					"$(DEVELOPER_FRAMEWORKS_DIR)",
				);
				GCC_PRECOMPILE_PREFIX_HEADER = YES;
				GCC_PREFIX_HEADER = "livecoins/livecoins-Prefix.pch";
				INFOPLIST_FILE = "livecoinsTests/livecoinsTests-Info.plist";
				PRODUCT_NAME = "$(TARGET_NAME)";
				TEST_HOST = "$(BUNDLE_LOADER)";
				WRAPPER_EXTENSION = xctest;
			};
			name = Release;
		};
/* End XCBuildConfiguration section */

/* Begin XCConfigurationList section */
		5D28E85218AAA03A005DD39B /* Build configuration list for PBXProject "livecoins" */ = {
			isa = XCConfigurationList;
			buildConfigurations = (
				5D28E88118AAA03A005DD39B /* Debug */,
				5D28E88218AAA03A005DD39B /* Release */,
			);
			defaultConfigurationIsVisible = 0;
			defaultConfigurationName = Release;
		};
		5D28E88318AAA03A005DD39B /* Build configuration list for PBXNativeTarget "livecoins" */ = {
			isa = XCConfigurationList;
			buildConfigurations = (
				5D28E88418AAA03A005DD39B /* Debug */,
				5D28E88518AAA03A005DD39B /* Release */,
			);
			defaultConfigurationIsVisible = 0;
			defaultConfigurationName = Release;
		};
		5D28E88618AAA03A005DD39B /* Build configuration list for PBXNativeTarget "livecoinsTests" */ = {
			isa = XCConfigurationList;
			buildConfigurations = (
				5D28E88718AAA03A005DD39B /* Debug */,
				5D28E88818AAA03A005DD39B /* Release */,
			);
			defaultConfigurationIsVisible = 0;
			defaultConfigurationName = Release;
		};
/* End XCConfigurationList section */
	};
	rootObject = 5D28E84F18AAA03A005DD39B /* Project object */;
}
